// !$*UTF8*$!
{
	archiveVersion = 1;
	classes = {
	};
	objectVersion = 77;
	objects = {

/* Begin PBXBuildFile section */
		AF41149A3009065C005220C8 /* DredfitCore in Frameworks */ = {isa = PBXBuildFile; productRef = AF4114993009065C005220C8 /* DredfitCore */; };
		AF7B100000000000000000BC /* DredfitWidgets.appex in Embed Foundation Extensions */ = {isa = PBXBuildFile; fileRef = AF7B100000000000000000B2 /* DredfitWidgets.appex */; settings = {ATTRIBUTES = (RemoveHeadersOnCopy, ); }; };
/* End PBXBuildFile section */

/* Begin PBXContainerItemProxy section */
		AF2F7BB33008FD9300249B07 /* PBXContainerItemProxy */ = {
			isa = PBXContainerItemProxy;
			containerPortal = AF2F7B9D3008FD9200249B07 /* Project object */;
			proxyType = 1;
			remoteGlobalIDString = AF2F7BA43008FD9200249B07;
			remoteInfo = Dredfit;
		};
		AF2F7BBD3008FD9300249B07 /* PBXContainerItemProxy */ = {
			isa = PBXContainerItemProxy;
			containerPortal = AF2F7B9D3008FD9200249B07 /* Project object */;
			proxyType = 1;
			remoteGlobalIDString = AF2F7BA43008FD9200249B07;
			remoteInfo = Dredfit;
		};
		AF7B100000000000000000BE /* PBXContainerItemProxy */ = {
			isa = PBXContainerItemProxy;
			containerPortal = AF2F7B9D3008FD9200249B07 /* Project object */;
			proxyType = 1;
			remoteGlobalIDString = AF7B100000000000000000B1;
			remoteInfo = DredfitWidgets;
		};
/* End PBXContainerItemProxy section */

/* Begin PBXCopyFilesBuildPhase section */
		AF7B100000000000000000BB /* Embed Foundation Extensions */ = {
			isa = PBXCopyFilesBuildPhase;
			buildActionMask = 2147483647;
			dstPath = "";
			dstSubfolderSpec = 13;
			files = (
				AF7B100000000000000000BC /* DredfitWidgets.appex in Embed Foundation Extensions */,
			);
			name = "Embed Foundation Extensions";
			runOnlyForDeploymentPostprocessing = 0;
		};
/* End PBXCopyFilesBuildPhase section */

/* Begin PBXFileReference section */
		AF2F7BA53008FD9200249B07 /* Dredfit.app */ = {isa = PBXFileReference; explicitFileType = wrapper.application; includeInIndex = 0; path = Dredfit.app; sourceTree = BUILT_PRODUCTS_DIR; };
		AF2F7BB23008FD9300249B07 /* DredfitTests.xctest */ = {isa = PBXFileReference; explicitFileType = wrapper.cfbundle; includeInIndex = 0; path = DredfitTests.xctest; sourceTree = BUILT_PRODUCTS_DIR; };
		AF2F7BBC3008FD9300249B07 /* DredfitUITests.xctest */ = {isa = PBXFileReference; explicitFileType = wrapper.cfbundle; includeInIndex = 0; path = DredfitUITests.xctest; sourceTree = BUILT_PRODUCTS_DIR; };
		AF41149B30090731005220C8 /* Dredfit.xctestplan */ = {isa = PBXFileReference; lastKnownFileType = text; path = Dredfit.xctestplan; sourceTree = "<group>"; };
		AF4114AB3009999900249B07 /* DredfitCore */ = {isa = PBXFileReference; lastKnownFileType = wrapper; path = DredfitCore; sourceTree = "<group>"; };
		AF7B100000000000000000B2 /* DredfitWidgets.appex */ = {isa = PBXFileReference; explicitFileType = "wrapper.app-extension"; includeInIndex = 0; path = DredfitWidgets.appex; sourceTree = BUILT_PRODUCTS_DIR; };
/* End PBXFileReference section */

/* Begin PBXFileSystemSynchronizedBuildFileExceptionSet section */
		AF7B100000000000000000BF /* Exceptions for "DredfitWidgets" folder in "DredfitWidgets" target */ = {
			isa = PBXFileSystemSynchronizedBuildFileExceptionSet;
			membershipExceptions = (
				Info.plist,
			);
			target = AF7B100000000000000000B1 /* DredfitWidgets */;
		};
/* End PBXFileSystemSynchronizedBuildFileExceptionSet section */

/* Begin PBXFileSystemSynchronizedRootGroup section */
		AF2F7BA73008FD9200249B07 /* Dredfit */ = {
			isa = PBXFileSystemSynchronizedRootGroup;
			path = Dredfit;
			sourceTree = "<group>";
		};
		AF2F7BB53008FD9300249B07 /* DredfitTests */ = {
			isa = PBXFileSystemSynchronizedRootGroup;
			path = DredfitTests;
			sourceTree = "<group>";
		};
		AF2F7BBF3008FD9300249B07 /* DredfitUITests */ = {
			isa = PBXFileSystemSynchronizedRootGroup;
			path = DredfitUITests;
			sourceTree = "<group>";
		};
		AF7B100000000000000000B6 /* DredfitWidgets */ = {
			isa = PBXFileSystemSynchronizedRootGroup;
			exceptions = (
				AF7B100000000000000000BF /* Exceptions for "DredfitWidgets" folder in "DredfitWidgets" target */,
			);
			path = DredfitWidgets;
			sourceTree = "<group>";
		};
		AF7B100000000000000000B7 /* Shared */ = {
			isa = PBXFileSystemSynchronizedRootGroup;
			path = Shared;
			sourceTree = "<group>";
		};
/* End PBXFileSystemSynchronizedRootGroup section */

/* Begin PBXFrameworksBuildPhase section */
		AF2F7BA23008FD9200249B07 /* Frameworks */ = {
			isa = PBXFrameworksBuildPhase;
			buildActionMask = 2147483647;
			files = (
				AF41149A3009065C005220C8 /* DredfitCore in Frameworks */,
			);
			runOnlyForDeploymentPostprocessing = 0;
		};
		AF2F7BAF3008FD9300249B07 /* Frameworks */ = {
			isa = PBXFrameworksBuildPhase;
			buildActionMask = 2147483647;
			files = (
			);
			runOnlyForDeploymentPostprocessing = 0;
		};
		AF2F7BB93008FD9300249B07 /* Frameworks */ = {
			isa = PBXFrameworksBuildPhase;
			buildActionMask = 2147483647;
			files = (
			);
			runOnlyForDeploymentPostprocessing = 0;
		};
		AF7B100000000000000000B4 /* Frameworks */ = {
			isa = PBXFrameworksBuildPhase;
			buildActionMask = 2147483647;
			files = (
			);
			runOnlyForDeploymentPostprocessing = 0;
		};
/* End PBXFrameworksBuildPhase section */

/* Begin PBXGroup section */
		AF2F7B9C3008FD9200249B07 = {
			isa = PBXGroup;
			children = (
				AF41149B30090731005220C8 /* Dredfit.xctestplan */,
				AF4114AB3009999900249B07 /* DredfitCore */,
				AF2F7BA73008FD9200249B07 /* Dredfit */,
				AF7B100000000000000000B7 /* Shared */,
				AF7B100000000000000000B6 /* DredfitWidgets */,
				AF2F7BB53008FD9300249B07 /* DredfitTests */,
				AF2F7BBF3008FD9300249B07 /* DredfitUITests */,
				AF2F7BA63008FD9200249B07 /* Products */,
			);
			sourceTree = "<group>";
		};
		AF2F7BA63008FD9200249B07 /* Products */ = {
			isa = PBXGroup;
			children = (
				AF2F7BA53008FD9200249B07 /* Dredfit.app */,
				AF2F7BB23008FD9300249B07 /* DredfitTests.xctest */,
				AF2F7BBC3008FD9300249B07 /* DredfitUITests.xctest */,
				AF7B100000000000000000B2 /* DredfitWidgets.appex */,
			);
			name = Products;
			sourceTree = "<group>";
		};
/* End PBXGroup section */

/* Begin PBXNativeTarget section */
		AF2F7BA43008FD9200249B07 /* Dredfit */ = {
			isa = PBXNativeTarget;
			buildConfigurationList = AF2F7BC63008FD9300249B07 /* Build configuration list for PBXNativeTarget "Dredfit" */;
			buildPhases = (
				AF2F7BA13008FD9200249B07 /* Sources */,
				AF2F7BA23008FD9200249B07 /* Frameworks */,
				AF2F7BA33008FD9200249B07 /* Resources */,
				AF7B100000000000000000BB /* Embed Foundation Extensions */,
			);
			buildRules = (
			);
			dependencies = (
				AF7B100000000000000000BD /* PBXTargetDependency */,
			);
			fileSystemSynchronizedGroups = (
				AF2F7BA73008FD9200249B07 /* Dredfit */,
				AF7B100000000000000000B7 /* Shared */,
			);
			name = Dredfit;
			packageProductDependencies = (
				AF4114993009065C005220C8 /* DredfitCore */,
			);
			productName = Dredfit;
			productReference = AF2F7BA53008FD9200249B07 /* Dredfit.app */;
			productType = "com.apple.product-type.application";
		};
		AF2F7BB13008FD9300249B07 /* DredfitTests */ = {
			isa = PBXNativeTarget;
			buildConfigurationList = AF2F7BC93008FD9300249B07 /* Build configuration list for PBXNativeTarget "DredfitTests" */;
			buildPhases = (
				AF2F7BAE3008FD9300249B07 /* Sources */,
				AF2F7BAF3008FD9300249B07 /* Frameworks */,
				AF2F7BB03008FD9300249B07 /* Resources */,
			);
			buildRules = (
			);
			dependencies = (
				AF2F7BB43008FD9300249B07 /* PBXTargetDependency */,
			);
			fileSystemSynchronizedGroups = (
				AF2F7BB53008FD9300249B07 /* DredfitTests */,
			);
			name = DredfitTests;
			packageProductDependencies = (
			);
			productName = DredfitTests;
			productReference = AF2F7BB23008FD9300249B07 /* DredfitTests.xctest */;
			productType = "com.apple.product-type.bundle.unit-test";
		};
		AF2F7BBB3008FD9300249B07 /* DredfitUITests */ = {
			isa = PBXNativeTarget;
			buildConfigurationList = AF2F7BCC3008FD9300249B07 /* Build configuration list for PBXNativeTarget "DredfitUITests" */;
			buildPhases = (
				AF2F7BB83008FD9300249B07 /* Sources */,
				AF2F7BB93008FD9300249B07 /* Frameworks */,
				AF2F7BBA3008FD9300249B07 /* Resources */,
			);
			buildRules = (
			);
			dependencies = (
				AF2F7BBE3008FD9300249B07 /* PBXTargetDependency */,
			);
			fileSystemSynchronizedGroups = (
				AF2F7BBF3008FD9300249B07 /* DredfitUITests */,
			);
			name = DredfitUITests;
			packageProductDependencies = (
			);
			productName = DredfitUITests;
			productReference = AF2F7BBC3008FD9300249B07 /* DredfitUITests.xctest */;
			productType = "com.apple.product-type.bundle.ui-testing";
		};
		AF7B100000000000000000B1 /* DredfitWidgets */ = {
			isa = PBXNativeTarget;
			buildConfigurationList = AF7B100000000000000000B8 /* Build configuration list for PBXNativeTarget "DredfitWidgets" */;
			buildPhases = (
				AF7B100000000000000000B3 /* Sources */,
				AF7B100000000000000000B4 /* Frameworks */,
				AF7B100000000000000000B5 /* Resources */,
			);
			buildRules = (
			);
			dependencies = (
			);
			fileSystemSynchronizedGroups = (
				AF7B100000000000000000B6 /* DredfitWidgets */,
				AF7B100000000000000000B7 /* Shared */,
			);
			name = DredfitWidgets;
			packageProductDependencies = (
			);
			productName = DredfitWidgets;
			productReference = AF7B100000000000000000B2 /* DredfitWidgets.appex */;
			productType = "com.apple.product-type.app-extension";
		};
/* End PBXNativeTarget section */

/* Begin PBXProject section */
		AF2F7B9D3008FD9200249B07 /* Project object */ = {
			isa = PBXProject;
			attributes = {
				BuildIndependentTargetsInParallel = 1;
				LastSwiftUpdateCheck = 2660;
				LastUpgradeCheck = 2660;
				TargetAttributes = {
					AF2F7BA43008FD9200249B07 = {
						CreatedOnToolsVersion = 26.6;
					};
					AF2F7BB13008FD9300249B07 = {
						CreatedOnToolsVersion = 26.6;
						TestTargetID = AF2F7BA43008FD9200249B07;
					};
					AF2F7BBB3008FD9300249B07 = {
						CreatedOnToolsVersion = 26.6;
						TestTargetID = AF2F7BA43008FD9200249B07;
					};
					AF7B100000000000000000B1 = {
						CreatedOnToolsVersion = 26.6;
					};
				};
			};
			buildConfigurationList = AF2F7BA03008FD9200249B07 /* Build configuration list for PBXProject "Dredfit" */;
			developmentRegion = en;
			hasScannedForEncodings = 0;
			knownRegions = (
				en,
				ru,
				es,
				"pt-BR",
				Base,
			);
			mainGroup = AF2F7B9C3008FD9200249B07;
			minimizedProjectReferenceProxies = 1;
			packageReferences = (
				AF4114983009065C005220C8 /* XCLocalSwiftPackageReference "DredfitCore" */,
			);
			preferredProjectObjectVersion = 77;
			productRefGroup = AF2F7BA63008FD9200249B07 /* Products */;
			projectDirPath = "";
			projectRoot = "";
			targets = (
				AF2F7BA43008FD9200249B07 /* Dredfit */,
				AF7B100000000000000000B1 /* DredfitWidgets */,
				AF2F7BB13008FD9300249B07 /* DredfitTests */,
				AF2F7BBB3008FD9300249B07 /* DredfitUITests */,
			);
		};
/* End PBXProject section */

/* Begin PBXResourcesBuildPhase section */
		AF2F7BA33008FD9200249B07 /* Resources */ = {
			isa = PBXResourcesBuildPhase;
			buildActionMask = 2147483647;
			files = (
			);
			runOnlyForDeploymentPostprocessing = 0;
		};
		AF2F7BB03008FD9300249B07 /* Resources */ = {
			isa = PBXResourcesBuildPhase;
			buildActionMask = 2147483647;
			files = (
			);
			runOnlyForDeploymentPostprocessing = 0;
		};
		AF2F7BBA3008FD9300249B07 /* Resources */ = {
			isa = PBXResourcesBuildPhase;
			buildActionMask = 2147483647;
			files = (
			);
			runOnlyForDeploymentPostprocessing = 0;
		};
		AF7B100000000000000000B5 /* Resources */ = {
			isa = PBXResourcesBuildPhase;
			buildActionMask = 2147483647;
			files = (
			);
			runOnlyForDeploymentPostprocessing = 0;
		};
/* End PBXResourcesBuildPhase section */

/* Begin PBXSourcesBuildPhase section */
		AF2F7BA13008FD9200249B07 /* Sources */ = {
			isa = PBXSourcesBuildPhase;
			buildActionMask = 2147483647;
			files = (
			);
			runOnlyForDeploymentPostprocessing = 0;
		};
		AF2F7BAE3008FD9300249B07 /* Sources */ = {
			isa = PBXSourcesBuildPhase;
			buildActionMask = 2147483647;
			files = (
			);
			runOnlyForDeploymentPostprocessing = 0;
		};
		AF2F7BB83008FD9300249B07 /* Sources */ = {
			isa = PBXSourcesBuildPhase;
			buildActionMask = 2147483647;
			files = (
			);
			runOnlyForDeploymentPostprocessing = 0;
		};
		AF7B100000000000000000B3 /* Sources */ = {
			isa = PBXSourcesBuildPhase;
			buildActionMask = 2147483647;
			files = (
			);
			runOnlyForDeploymentPostprocessing = 0;
		};
/* End PBXSourcesBuildPhase section */

/* Begin PBXTargetDependency section */
		AF2F7BB43008FD9300249B07 /* PBXTargetDependency */ = {
			isa = PBXTargetDependency;
			target = AF2F7BA43008FD9200249B07 /* Dredfit */;
			targetProxy = AF2F7BB33008FD9300249B07 /* PBXContainerItemProxy */;
		};
		AF2F7BBE3008FD9300249B07 /* PBXTargetDependency */ = {
			isa = PBXTargetDependency;
			target = AF2F7BA43008FD9200249B07 /* Dredfit */;
			targetProxy = AF2F7BBD3008FD9300249B07 /* PBXContainerItemProxy */;
		};
		AF7B100000000000000000BD /* PBXTargetDependency */ = {
			isa = PBXTargetDependency;
			target = AF7B100000000000000000B1 /* DredfitWidgets */;
			targetProxy = AF7B100000000000000000BE /* PBXContainerItemProxy */;
		};
/* End PBXTargetDependency section */

/* Begin XCBuildConfiguration section */
		AF2F7BC43008FD9300249B07 /* Debug */ = {
			isa = XCBuildConfiguration;
			buildSettings = {
				ALWAYS_SEARCH_USER_PATHS = NO;
				ASSETCATALOG_COMPILER_GENERATE_SWIFT_ASSET_SYMBOL_EXTENSIONS = YES;
				CLANG_ANALYZER_NONNULL = YES;
				CLANG_ANALYZER_NUMBER_OBJECT_CONVERSION = YES_AGGRESSIVE;
				CLANG_CXX_LANGUAGE_STANDARD = "gnu++20";
				CLANG_ENABLE_MODULES = YES;
				CLANG_ENABLE_OBJC_ARC = YES;
				CLANG_ENABLE_OBJC_WEAK = YES;
				CLANG_WARN_BLOCK_CAPTURE_AUTORELEASING = YES;
				CLANG_WARN_BOOL_CONVERSION = YES;
				CLANG_WARN_COMMA = YES;
				CLANG_WARN_CONSTANT_CONVERSION = YES;
				CLANG_WARN_DEPRECATED_OBJC_IMPLEMENTATIONS = YES;
				CLANG_WARN_DIRECT_OBJC_ISA_USAGE = YES_ERROR;
				CLANG_WARN_DOCUMENTATION_COMMENTS = YES;
				CLANG_WARN_EMPTY_BODY = YES;
				CLANG_WARN_ENUM_CONVERSION = YES;
				CLANG_WARN_INFINITE_RECURSION = YES;
				CLANG_WARN_INT_CONVERSION = YES;
				CLANG_WARN_NON_LITERAL_NULL_CONVERSION = YES;
				CLANG_WARN_OBJC_IMPLICIT_RETAIN_SELF = YES;
				CLANG_WARN_OBJC_LITERAL_CONVERSION = YES;
				CLANG_WARN_OBJC_ROOT_CLASS = YES_ERROR;
				CLANG_WARN_QUOTED_INCLUDE_IN_FRAMEWORK_HEADER = YES;
				CLANG_WARN_RANGE_LOOP_ANALYSIS = YES;
				CLANG_WARN_STRICT_PROTOTYPES = YES;
				CLANG_WARN_SUSPICIOUS_MOVE = YES;
				CLANG_WARN_UNGUARDED_AVAILABILITY = YES_AGGRESSIVE;
				CLANG_WARN_UNREACHABLE_CODE = YES;
				CLANG_WARN__DUPLICATE_METHOD_MATCH = YES;
				COPY_PHASE_STRIP = NO;
				DEBUG_INFORMATION_FORMAT = dwarf;
				DEVELOPMENT_TEAM = JQ2STKM674;
				ENABLE_STRICT_OBJC_MSGSEND = YES;
				ENABLE_TESTABILITY = YES;
				ENABLE_USER_SCRIPT_SANDBOXING = YES;
				GCC_C_LANGUAGE_STANDARD = gnu17;
				GCC_DYNAMIC_NO_PIC = NO;
				GCC_NO_COMMON_BLOCKS = YES;
				GCC_OPTIMIZATION_LEVEL = 0;
				GCC_PREPROCESSOR_DEFINITIONS = (
					"DEBUG=1",
					"$(inherited)",
				);
				GCC_WARN_64_TO_32_BIT_CONVERSION = YES;
				GCC_WARN_ABOUT_RETURN_TYPE = YES_ERROR;
				GCC_WARN_UNDECLARED_SELECTOR = YES;
				GCC_WARN_UNINITIALIZED_AUTOS = YES_AGGRESSIVE;
				GCC_WARN_UNUSED_FUNCTION = YES;
				GCC_WARN_UNUSED_VARIABLE = YES;
				LOCALIZATION_PREFERS_STRING_CATALOGS = YES;
				MTL_ENABLE_DEBUG_INFO = INCLUDE_SOURCE;
				MTL_FAST_MATH = YES;
				ONLY_ACTIVE_ARCH = YES;
				SWIFT_ACTIVE_COMPILATION_CONDITIONS = "DEBUG $(inherited)";
				SWIFT_OPTIMIZATION_LEVEL = "-Onone";
			};
			name = Debug;
		};
		AF2F7BC53008FD9300249B07 /* Release */ = {
			isa = XCBuildConfiguration;
			buildSettings = {
				ALWAYS_SEARCH_USER_PATHS = NO;
				ASSETCATALOG_COMPILER_GENERATE_SWIFT_ASSET_SYMBOL_EXTENSIONS = YES;
				CLANG_ANALYZER_NONNULL = YES;
				CLANG_ANALYZER_NUMBER_OBJECT_CONVERSION = YES_AGGRESSIVE;
				CLANG_CXX_LANGUAGE_STANDARD = "gnu++20";
				CLANG_ENABLE_MODULES = YES;
				CLANG_ENABLE_OBJC_ARC = YES;
				CLANG_ENABLE_OBJC_WEAK = YES;
				CLANG_WARN_BLOCK_CAPTURE_AUTORELEASING = YES;
				CLANG_WARN_BOOL_CONVERSION = YES;
				CLANG_WARN_COMMA = YES;
				CLANG_WARN_CONSTANT_CONVERSION = YES;
				CLANG_WARN_DEPRECATED_OBJC_IMPLEMENTATIONS = YES;
				CLANG_WARN_DIRECT_OBJC_ISA_USAGE = YES_ERROR;
				CLANG_WARN_DOCUMENTATION_COMMENTS = YES;
				CLANG_WARN_EMPTY_BODY = YES;
				CLANG_WARN_ENUM_CONVERSION = YES;
				CLANG_WARN_INFINITE_RECURSION = YES;
				CLANG_WARN_INT_CONVERSION = YES;
				CLANG_WARN_NON_LITERAL_NULL_CONVERSION = YES;
				CLANG_WARN_OBJC_IMPLICIT_RETAIN_SELF = YES;
				CLANG_WARN_OBJC_LITERAL_CONVERSION = YES;
				CLANG_WARN_OBJC_ROOT_CLASS = YES_ERROR;
				CLANG_WARN_QUOTED_INCLUDE_IN_FRAMEWORK_HEADER = YES;
				CLANG_WARN_RANGE_LOOP_ANALYSIS = YES;
				CLANG_WARN_STRICT_PROTOTYPES = YES;
				CLANG_WARN_SUSPICIOUS_MOVE = YES;
				CLANG_WARN_UNGUARDED_AVAILABILITY = YES_AGGRESSIVE;
				CLANG_WARN_UNREACHABLE_CODE = YES;
				CLANG_WARN__DUPLICATE_METHOD_MATCH = YES;
				COPY_PHASE_STRIP = NO;
				DEBUG_INFORMATION_FORMAT = "dwarf-with-dsym";
				DEVELOPMENT_TEAM = JQ2STKM674;
				ENABLE_NS_ASSERTIONS = NO;
				ENABLE_STRICT_OBJC_MSGSEND = YES;
				ENABLE_USER_SCRIPT_SANDBOXING = YES;
				GCC_C_LANGUAGE_STANDARD = gnu17;
				GCC_NO_COMMON_BLOCKS = YES;
				GCC_WARN_64_TO_32_BIT_CONVERSION = YES;
				GCC_WARN_ABOUT_RETURN_TYPE = YES_ERROR;
				GCC_WARN_UNDECLARED_SELECTOR = YES;
				GCC_WARN_UNINITIALIZED_AUTOS = YES_AGGRESSIVE;
				GCC_WARN_UNUSED_FUNCTION = YES;
				GCC_WARN_UNUSED_VARIABLE = YES;
				LOCALIZATION_PREFERS_STRING_CATALOGS = YES;
				MTL_ENABLE_DEBUG_INFO = NO;
				MTL_FAST_MATH = YES;
				SWIFT_COMPILATION_MODE = wholemodule;
			};
			name = Release;
		};
		AF2F7BC73008FD9300249B07 /* Debug */ = {
			isa = XCBuildConfiguration;
			buildSettings = {
				ASSETCATALOG_COMPILER_APPICON_NAME = AppIcon;
				ASSETCATALOG_COMPILER_GLOBAL_ACCENT_COLOR_NAME = AccentColor;
				CODE_SIGN_ENTITLEMENTS = Dredfit/Dredfit.entitlements;
				CODE_SIGN_STYLE = Automatic;
				CURRENT_PROJECT_VERSION = 9;
				DEVELOPMENT_TEAM = JQ2STKM674;
				ENABLE_PREVIEWS = YES;
				GENERATE_INFOPLIST_FILE = YES;
				INFOPLIST_KEY_ITSAppUsesNonExemptEncryption = NO;
				INFOPLIST_KEY_LSApplicationCategoryType = "public.app-category.healthcare-fitness";
				INFOPLIST_KEY_NSHealthShareUsageDescription = "Dredfit never reads your Health data. This permission is only part of the API that saves workouts.";
				INFOPLIST_KEY_NSHealthUpdateUsageDescription = "Dredfit saves completed workouts to Health. Nothing else is shared.";
				INFOPLIST_KEY_NSSupportsLiveActivities = YES;
				"INFOPLIST_KEY_UIApplicationSceneManifest_Generation[sdk=iphoneos*]" = YES;
				"INFOPLIST_KEY_UIApplicationSceneManifest_Generation[sdk=iphonesimulator*]" = YES;
				"INFOPLIST_KEY_UIApplicationSupportsIndirectInputEvents[sdk=iphoneos*]" = YES;
				"INFOPLIST_KEY_UIApplicationSupportsIndirectInputEvents[sdk=iphonesimulator*]" = YES;
				"INFOPLIST_KEY_UILaunchScreen_Generation[sdk=iphoneos*]" = YES;
				"INFOPLIST_KEY_UILaunchScreen_Generation[sdk=iphonesimulator*]" = YES;
				"INFOPLIST_KEY_UIStatusBarStyle[sdk=iphoneos*]" = UIStatusBarStyleDefault;
				"INFOPLIST_KEY_UIStatusBarStyle[sdk=iphonesimulator*]" = UIStatusBarStyleDefault;
				INFOPLIST_KEY_UISupportedInterfaceOrientations_iPad = "UIInterfaceOrientationPortrait UIInterfaceOrientationPortraitUpsideDown UIInterfaceOrientationLandscapeLeft UIInterfaceOrientationLandscapeRight";
				INFOPLIST_KEY_UISupportedInterfaceOrientations_iPhone = UIInterfaceOrientationPortrait;
				IPHONEOS_DEPLOYMENT_TARGET = 17.0;
				LD_RUNPATH_SEARCH_PATHS = "@executable_path/Frameworks";
				MARKETING_VERSION = 1.7.0;
				PRODUCT_BUNDLE_IDENTIFIER = com.dredfit.Dredfit;
				PRODUCT_NAME = "$(TARGET_NAME)";
				REGISTER_APP_GROUPS = YES;
				SDKROOT = auto;
				STRING_CATALOG_GENERATE_SYMBOLS = YES;
				SUPPORTED_PLATFORMS = "iphoneos iphonesimulator";
				SWIFT_APPROACHABLE_CONCURRENCY = YES;
				SWIFT_DEFAULT_ACTOR_ISOLATION = MainActor;
				SWIFT_EMIT_LOC_STRINGS = YES;
				SWIFT_UPCOMING_FEATURE_MEMBER_IMPORT_VISIBILITY = YES;
				SWIFT_VERSION = 6.0;
				TARGETED_DEVICE_FAMILY = 1;
			};
			name = Debug;
		};
		AF2F7BC83008FD9300249B07 /* Release */ = {
			isa = XCBuildConfiguration;
			buildSettings = {
				ASSETCATALOG_COMPILER_APPICON_NAME = AppIcon;
				ASSETCATALOG_COMPILER_GLOBAL_ACCENT_COLOR_NAME = AccentColor;
				CODE_SIGN_ENTITLEMENTS = Dredfit/Dredfit.entitlements;
				CODE_SIGN_STYLE = Automatic;
				CURRENT_PROJECT_VERSION = 9;
				DEVELOPMENT_TEAM = JQ2STKM674;
				ENABLE_PREVIEWS = YES;
				GENERATE_INFOPLIST_FILE = YES;
				INFOPLIST_KEY_ITSAppUsesNonExemptEncryption = NO;
				INFOPLIST_KEY_LSApplicationCategoryType = "public.app-category.healthcare-fitness";
				INFOPLIST_KEY_NSHealthShareUsageDescription = "Dredfit never reads your Health data. This permission is only part of the API that saves workouts.";
				INFOPLIST_KEY_NSHealthUpdateUsageDescription = "Dredfit saves completed workouts to Health. Nothing else is shared.";
				INFOPLIST_KEY_NSSupportsLiveActivities = YES;
				"INFOPLIST_KEY_UIApplicationSceneManifest_Generation[sdk=iphoneos*]" = YES;
				"INFOPLIST_KEY_UIApplicationSceneManifest_Generation[sdk=iphonesimulator*]" = YES;
				"INFOPLIST_KEY_UIApplicationSupportsIndirectInputEvents[sdk=iphoneos*]" = YES;
				"INFOPLIST_KEY_UIApplicationSupportsIndirectInputEvents[sdk=iphonesimulator*]" = YES;
				"INFOPLIST_KEY_UILaunchScreen_Generation[sdk=iphoneos*]" = YES;
				"INFOPLIST_KEY_UILaunchScreen_Generation[sdk=iphonesimulator*]" = YES;
				"INFOPLIST_KEY_UIStatusBarStyle[sdk=iphoneos*]" = UIStatusBarStyleDefault;
				"INFOPLIST_KEY_UIStatusBarStyle[sdk=iphonesimulator*]" = UIStatusBarStyleDefault;
				INFOPLIST_KEY_UISupportedInterfaceOrientations_iPad = "UIInterfaceOrientationPortrait UIInterfaceOrientationPortraitUpsideDown UIInterfaceOrientationLandscapeLeft UIInterfaceOrientationLandscapeRight";
				INFOPLIST_KEY_UISupportedInterfaceOrientations_iPhone = UIInterfaceOrientationPortrait;
				IPHONEOS_DEPLOYMENT_TARGET = 17.0;
				LD_RUNPATH_SEARCH_PATHS = "@executable_path/Frameworks";
				MARKETING_VERSION = 1.7.0;
				PRODUCT_BUNDLE_IDENTIFIER = com.dredfit.Dredfit;
				PRODUCT_NAME = "$(TARGET_NAME)";
				REGISTER_APP_GROUPS = YES;
				SDKROOT = auto;
				STRING_CATALOG_GENERATE_SYMBOLS = YES;
				SUPPORTED_PLATFORMS = "iphoneos iphonesimulator";
				SWIFT_APPROACHABLE_CONCURRENCY = YES;
				SWIFT_DEFAULT_ACTOR_ISOLATION = MainActor;
				SWIFT_EMIT_LOC_STRINGS = YES;
				SWIFT_UPCOMING_FEATURE_MEMBER_IMPORT_VISIBILITY = YES;
				SWIFT_VERSION = 6.0;
				TARGETED_DEVICE_FAMILY = 1;
			};
			name = Release;
		};
		AF2F7BCA3008FD9300249B07 /* Debug */ = {
			isa = XCBuildConfiguration;
			buildSettings = {
				BUNDLE_LOADER = "$(TEST_HOST)";
				CODE_SIGN_STYLE = Automatic;
				CURRENT_PROJECT_VERSION = 9;
				DEVELOPMENT_TEAM = JQ2STKM674;
				GENERATE_INFOPLIST_FILE = YES;
				IPHONEOS_DEPLOYMENT_TARGET = 17.0;
				MARKETING_VERSION = 1.7.0;
				PRODUCT_BUNDLE_IDENTIFIER = com.dredfit.DredfitTests;
				PRODUCT_NAME = "$(TARGET_NAME)";
				SDKROOT = auto;
				STRING_CATALOG_GENERATE_SYMBOLS = NO;
				SUPPORTED_PLATFORMS = "iphoneos iphonesimulator";
				SWIFT_APPROACHABLE_CONCURRENCY = YES;
				SWIFT_EMIT_LOC_STRINGS = NO;
				SWIFT_UPCOMING_FEATURE_MEMBER_IMPORT_VISIBILITY = YES;
				SWIFT_VERSION = 6.0;
				TARGETED_DEVICE_FAMILY = 1;
				TEST_HOST = "$(BUILT_PRODUCTS_DIR)/Dredfit.app/$(BUNDLE_EXECUTABLE_FOLDER_PATH)/Dredfit";
			};
			name = Debug;
		};
		AF2F7BCB3008FD9300249B07 /* Release */ = {
			isa = XCBuildConfiguration;
			buildSettings = {
				BUNDLE_LOADER = "$(TEST_HOST)";
				CODE_SIGN_STYLE = Automatic;
				CURRENT_PROJECT_VERSION = 9;
				DEVELOPMENT_TEAM = JQ2STKM674;
				GENERATE_INFOPLIST_FILE = YES;
				IPHONEOS_DEPLOYMENT_TARGET = 17.0;
				MARKETING_VERSION = 1.7.0;
				PRODUCT_BUNDLE_IDENTIFIER = com.dredfit.DredfitTests;
				PRODUCT_NAME = "$(TARGET_NAME)";
				SDKROOT = auto;
				STRING_CATALOG_GENERATE_SYMBOLS = NO;
				SUPPORTED_PLATFORMS = "iphoneos iphonesimulator";
				SWIFT_APPROACHABLE_CONCURRENCY = YES;
				SWIFT_EMIT_LOC_STRINGS = NO;
				SWIFT_UPCOMING_FEATURE_MEMBER_IMPORT_VISIBILITY = YES;
				SWIFT_VERSION = 6.0;
				TARGETED_DEVICE_FAMILY = 1;
				TEST_HOST = "$(BUILT_PRODUCTS_DIR)/Dredfit.app/$(BUNDLE_EXECUTABLE_FOLDER_PATH)/Dredfit";
			};
			name = Release;
		};
		AF2F7BCD3008FD9300249B07 /* Debug */ = {
			isa = XCBuildConfiguration;
			buildSettings = {
				CODE_SIGN_STYLE = Automatic;
				CURRENT_PROJECT_VERSION = 9;
				DEVELOPMENT_TEAM = JQ2STKM674;
				GENERATE_INFOPLIST_FILE = YES;
				IPHONEOS_DEPLOYMENT_TARGET = 17.0;
				MARKETING_VERSION = 1.7.0;
				PRODUCT_BUNDLE_IDENTIFIER = com.dredfit.DredfitUITests;
				PRODUCT_NAME = "$(TARGET_NAME)";
				SDKROOT = auto;
				STRING_CATALOG_GENERATE_SYMBOLS = NO;
				SUPPORTED_PLATFORMS = "iphoneos iphonesimulator";
				SWIFT_APPROACHABLE_CONCURRENCY = YES;
				SWIFT_EMIT_LOC_STRINGS = NO;
				SWIFT_UPCOMING_FEATURE_MEMBER_IMPORT_VISIBILITY = YES;
				SWIFT_VERSION = 6.0;
				TARGETED_DEVICE_FAMILY = 1;
				TEST_TARGET_NAME = Dredfit;
			};
			name = Debug;
		};
		AF2F7BCE3008FD9300249B07 /* Release */ = {
			isa = XCBuildConfiguration;
			buildSettings = {
				CODE_SIGN_STYLE = Automatic;
				CURRENT_PROJECT_VERSION = 9;
				DEVELOPMENT_TEAM = JQ2STKM674;
				GENERATE_INFOPLIST_FILE = YES;
				IPHONEOS_DEPLOYMENT_TARGET = 17.0;
				MARKETING_VERSION = 1.7.0;
				PRODUCT_BUNDLE_IDENTIFIER = com.dredfit.DredfitUITests;
				PRODUCT_NAME = "$(TARGET_NAME)";
				SDKROOT = auto;
				STRING_CATALOG_GENERATE_SYMBOLS = NO;
				SUPPORTED_PLATFORMS = "iphoneos iphonesimulator";
				SWIFT_APPROACHABLE_CONCURRENCY = YES;
				SWIFT_EMIT_LOC_STRINGS = NO;
				SWIFT_UPCOMING_FEATURE_MEMBER_IMPORT_VISIBILITY = YES;
				SWIFT_VERSION = 6.0;
				TARGETED_DEVICE_FAMILY = 1;
				TEST_TARGET_NAME = Dredfit;
			};
			name = Release;
		};
		AF7B100000000000000000B9 /* Debug */ = {
			isa = XCBuildConfiguration;
			buildSettings = {
				CODE_SIGN_ENTITLEMENTS = DredfitWidgets/DredfitWidgets.entitlements;
				CODE_SIGN_STYLE = Automatic;
				CURRENT_PROJECT_VERSION = 9;
				DEVELOPMENT_TEAM = JQ2STKM674;
				GENERATE_INFOPLIST_FILE = YES;
				INFOPLIST_FILE = DredfitWidgets/Info.plist;
				INFOPLIST_KEY_CFBundleDisplayName = Dredfit;
				IPHONEOS_DEPLOYMENT_TARGET = 17.0;
				LD_RUNPATH_SEARCH_PATHS = (
					"$(inherited)",
					"@executable_path/Frameworks",
					"@executable_path/../../Frameworks",
				);
				MARKETING_VERSION = 1.7.0;
				PRODUCT_BUNDLE_IDENTIFIER = com.dredfit.Dredfit.widgets;
				PRODUCT_NAME = "$(TARGET_NAME)";
				REGISTER_APP_GROUPS = YES;
				SDKROOT = auto;
				SKIP_INSTALL = YES;
				SUPPORTED_PLATFORMS = "iphoneos iphonesimulator";
				SWIFT_APPROACHABLE_CONCURRENCY = YES;
				SWIFT_DEFAULT_ACTOR_ISOLATION = MainActor;
				SWIFT_EMIT_LOC_STRINGS = YES;
				SWIFT_UPCOMING_FEATURE_MEMBER_IMPORT_VISIBILITY = YES;
				SWIFT_VERSION = 6.0;
				TARGETED_DEVICE_FAMILY = 1;
			};
			name = Debug;
		};
		AF7B100000000000000000BA /* Release */ = {
			isa = XCBuildConfiguration;
			buildSettings = {
				CODE_SIGN_ENTITLEMENTS = DredfitWidgets/DredfitWidgets.entitlements;
				CODE_SIGN_STYLE = Automatic;
				CURRENT_PROJECT_VERSION = 9;
				DEVELOPMENT_TEAM = JQ2STKM674;
				GENERATE_INFOPLIST_FILE = YES;
				INFOPLIST_FILE = DredfitWidgets/Info.plist;
				INFOPLIST_KEY_CFBundleDisplayName = Dredfit;
				IPHONEOS_DEPLOYMENT_TARGET = 17.0;
				LD_RUNPATH_SEARCH_PATHS = (
					"$(inherited)",
					"@executable_path/Frameworks",
					"@executable_path/../../Frameworks",
				);
				MARKETING_VERSION = 1.7.0;
				PRODUCT_BUNDLE_IDENTIFIER = com.dredfit.Dredfit.widgets;
				PRODUCT_NAME = "$(TARGET_NAME)";
				REGISTER_APP_GROUPS = YES;
				SDKROOT = auto;
				SKIP_INSTALL = YES;
				SUPPORTED_PLATFORMS = "iphoneos iphonesimulator";
				SWIFT_APPROACHABLE_CONCURRENCY = YES;
				SWIFT_DEFAULT_ACTOR_ISOLATION = MainActor;
				SWIFT_EMIT_LOC_STRINGS = YES;
				SWIFT_UPCOMING_FEATURE_MEMBER_IMPORT_VISIBILITY = YES;
				SWIFT_VERSION = 6.0;
				TARGETED_DEVICE_FAMILY = 1;
			};
			name = Release;
		};
/* End XCBuildConfiguration section */

/* Begin XCConfigurationList section */
		AF2F7BA03008FD9200249B07 /* Build configuration list for PBXProject "Dredfit" */ = {
			isa = XCConfigurationList;
			buildConfigurations = (
				AF2F7BC43008FD9300249B07 /* Debug */,
				AF2F7BC53008FD9300249B07 /* Release */,
			);
			defaultConfigurationIsVisible = 0;
			defaultConfigurationName = Release;
		};
		AF2F7BC63008FD9300249B07 /* Build configuration list for PBXNativeTarget "Dredfit" */ = {
			isa = XCConfigurationList;
			buildConfigurations = (
				AF2F7BC73008FD9300249B07 /* Debug */,
				AF2F7BC83008FD9300249B07 /* Release */,
			);
			defaultConfigurationIsVisible = 0;
			defaultConfigurationName = Release;
		};
		AF2F7BC93008FD9300249B07 /* Build configuration list for PBXNativeTarget "DredfitTests" */ = {
			isa = XCConfigurationList;
			buildConfigurations = (
				AF2F7BCA3008FD9300249B07 /* Debug */,
				AF2F7BCB3008FD9300249B07 /* Release */,
			);
			defaultConfigurationIsVisible = 0;
			defaultConfigurationName = Release;
		};
		AF2F7BCC3008FD9300249B07 /* Build configuration list for PBXNativeTarget "DredfitUITests" */ = {
			isa = XCConfigurationList;
			buildConfigurations = (
				AF2F7BCD3008FD9300249B07 /* Debug */,
				AF2F7BCE3008FD9300249B07 /* Release */,
			);
			defaultConfigurationIsVisible = 0;
			defaultConfigurationName = Release;
		};
		AF7B100000000000000000B8 /* Build configuration list for PBXNativeTarget "DredfitWidgets" */ = {
			isa = XCConfigurationList;
			buildConfigurations = (
				AF7B100000000000000000B9 /* Debug */,
				AF7B100000000000000000BA /* Release */,
			);
			defaultConfigurationIsVisible = 0;
			defaultConfigurationName = Release;
		};
/* End XCConfigurationList section */

/* Begin XCLocalSwiftPackageReference section */
		AF4114983009065C005220C8 /* XCLocalSwiftPackageReference "DredfitCore" */ = {
			isa = XCLocalSwiftPackageReference;
			relativePath = DredfitCore;
		};
/* End XCLocalSwiftPackageReference section */

/* Begin XCSwiftPackageProductDependency section */
		AF4114993009065C005220C8 /* DredfitCore */ = {
			isa = XCSwiftPackageProductDependency;
			productName = DredfitCore;
		};
/* End XCSwiftPackageProductDependency section */
	};
	rootObject = AF2F7B9D3008FD9200249B07 /* Project object */;
}
